
Microsoft Visual Studio Solution File, Format Version 12.00
# Visual Studio 2010
Project("{FAE04EC0-301F-11D3-BF4B-00C04F79EFBC}") = "Beetle.Tracker", "Beetle.Tracker\Beetle.Tracker.csproj", "{F2573633-29BC-4971-A94E-9D5D52CE9ADD}"
EndProject
Project("{FAE04EC0-301F-11D3-BF4B-00C04F79EFBC}") = "Beetle.HttpExtend", "..\..\Beetle.HttpExtend\Beetle.HttpExtend\Beetle.HttpExtend\Beetle.HttpExtend.csproj", "{F5133E4E-9744-44F4-AC70-CBB90B7C5352}"
EndProject
Global
	GlobalSection(SolutionConfigurationPlatforms) = preSolution
		Debug|Any CPU = Debug|Any CPU
		Release|Any CPU = Release|Any CPU
	EndGlobalSection
	GlobalSection(ProjectConfigurationPlatforms) = postSolution
		{F2573633-29BC-4971-A94E-9D5D52CE9ADD}.Debug|Any CPU.ActiveCfg = Debug|Any CPU
		{F2573633-29BC-4971-A94E-9D5D52CE9ADD}.Debug|Any CPU.Build.0 = Debug|Any CPU
		{F2573633-29BC-4971-A94E-9D5D52CE9ADD}.Release|Any CPU.ActiveCfg = Release|Any CPU
		{F2573633-29BC-4971-A94E-9D5D52CE9ADD}.Release|Any CPU.Build.0 = Release|Any CPU
		{F5133E4E-9744-44F4-AC70-CBB90B7C5352}.Debug|Any CPU.ActiveCfg = Debug|Any CPU
		{F5133E4E-9744-44F4-AC70-CBB90B7C5352}.Debug|Any CPU.Build.0 = Debug|Any CPU
		{F5133E4E-9744-44F4-AC70-CBB90B7C5352}.Release|Any CPU.ActiveCfg = Release|Any CPU
		{F5133E4E-9744-44F4-AC70-CBB90B7C5352}.Release|Any CPU.Build.0 = Release|Any CPU
	EndGlobalSection
	GlobalSection(SolutionProperties) = preSolution
		HideSolutionNode = FALSE
	EndGlobalSection
EndGlobal
